
Microsoft Visual Studio Solution File, Format Version 11.00
# Visual Studio 2010
Project("{FAE04EC0-301F-11D3-BF4B-00C04F79EFBC}") = "Assembly-CSharp", "Assembly-CSharp.csproj", "{1A536F7F-99BA-DFD6-A49D-B1C96FD4398A}"
EndProject
Project("{FAE04EC0-301F-11D3-BF4B-00C04F79EFBC}") = "Assembly-CSharp-Editor", "Assembly-CSharp-Editor.csproj", "{E23E954C-4CBA-6197-C702-93C626279EB8}"
EndProject
Global
	GlobalSection(SolutionConfigurationPlatforms) = preSolution
		Debug|Any CPU = Debug|Any CPU
		Release|Any CPU = Release|Any CPU
	EndGlobalSection
	GlobalSection(ProjectConfigurationPlatforms) = postSolution
		{1A536F7F-99BA-DFD6-A49D-B1C96FD4398A}.Debug|Any CPU.ActiveCfg = Debug|Any CPU
		{1A536F7F-99BA-DFD6-A49D-B1C96FD4398A}.Debug|Any CPU.Build.0 = Debug|Any CPU
		{1A536F7F-99BA-DFD6-A49D-B1C96FD4398A}.Release|Any CPU.ActiveCfg = Release|Any CPU
		{1A536F7F-99BA-DFD6-A49D-B1C96FD4398A}.Release|Any CPU.Build.0 = Release|Any CPU
		{E23E954C-4CBA-6197-C702-93C626279EB8}.Debug|Any CPU.ActiveCfg = Debug|Any CPU
		{E23E954C-4CBA-6197-C702-93C626279EB8}.Debug|Any CPU.Build.0 = Debug|Any CPU
		{E23E954C-4CBA-6197-C702-93C626279EB8}.Release|Any CPU.ActiveCfg = Release|Any CPU
		{E23E954C-4CBA-6197-C702-93C626279EB8}.Release|Any CPU.Build.0 = Release|Any CPU
	EndGlobalSection
	GlobalSection(SolutionProperties) = preSolution
		HideSolutionNode = FALSE
	EndGlobalSection
EndGlobal
